
Microsoft Visual Studio Solution File, Format Version 12.00
# Visual Studio 15
VisualStudioVersion = 15.0.27130.2027
MinimumVisualStudioVersion = 10.0.40219.1
Project("{FAE04EC0-301F-11D3-BF4B-00C04F79EFBC}") = "EventBus.Common", "EventBus.Common\EventBus.Common.csproj", "{716A9129-FE06-4B9E-A164-4F7CB24EEAAE}"
EndProject
Project("{FAE04EC0-301F-11D3-BF4B-00C04F79EFBC}") = "RabbitMqEventBus", "RabbitMqEventBus\RabbitMqEventBus.csproj", "{07FD5ECE-FEFB-43A0-AD3C-B37AF541C26D}"
EndProject
Project("{FAE04EC0-301F-11D3-BF4B-00C04F79EFBC}") = "EventBus.Common.UnitTests", "EventBus.Common.UnitTests\EventBus.Common.UnitTests.csproj", "{BB972C57-3529-4674-98B2-2D9143A1E55F}"
EndProject
Project("{2150E333-8FDC-42A3-9474-1A3956D46DE8}") = "Sample", "Sample", "{78A61F4C-5944-4AC3-A20E-AE5F45F187E7}"
EndProject
Project("{FAE04EC0-301F-11D3-BF4B-00C04F79EFBC}") = "EventPublisherApp", "Sample\EventPublisherApp\EventPublisherApp.csproj", "{7E45D41A-66FA-444D-A993-CF81568C9585}"
EndProject
Project("{E53339B2-1760-4266-BCC7-CA923CBCF16C}") = "docker-compose", "docker-compose.dcproj", "{A3406096-DE9E-4744-9D71-F0933BFAFCD3}"
EndProject
Project("{FAE04EC0-301F-11D3-BF4B-00C04F79EFBC}") = "EventConsumerApp", "Sample\EventConsumerApp\EventConsumerApp.csproj", "{DEEE1C3F-2411-4802-A735-B518F02CE049}"
EndProject
Global
	GlobalSection(SolutionConfigurationPlatforms) = preSolution
		Debug|Any CPU = Debug|Any CPU
		Release|Any CPU = Release|Any CPU
	EndGlobalSection
	GlobalSection(ProjectConfigurationPlatforms) = postSolution
		{716A9129-FE06-4B9E-A164-4F7CB24EEAAE}.Debug|Any CPU.ActiveCfg = Debug|Any CPU
		{716A9129-FE06-4B9E-A164-4F7CB24EEAAE}.Debug|Any CPU.Build.0 = Debug|Any CPU
		{716A9129-FE06-4B9E-A164-4F7CB24EEAAE}.Release|Any CPU.ActiveCfg = Release|Any CPU
		{716A9129-FE06-4B9E-A164-4F7CB24EEAAE}.Release|Any CPU.Build.0 = Release|Any CPU
		{07FD5ECE-FEFB-43A0-AD3C-B37AF541C26D}.Debug|Any CPU.ActiveCfg = Debug|Any CPU
		{07FD5ECE-FEFB-43A0-AD3C-B37AF541C26D}.Debug|Any CPU.Build.0 = Debug|Any CPU
		{07FD5ECE-FEFB-43A0-AD3C-B37AF541C26D}.Release|Any CPU.ActiveCfg = Release|Any CPU
		{07FD5ECE-FEFB-43A0-AD3C-B37AF541C26D}.Release|Any CPU.Build.0 = Release|Any CPU
		{BB972C57-3529-4674-98B2-2D9143A1E55F}.Debug|Any CPU.ActiveCfg = Debug|Any CPU
		{BB972C57-3529-4674-98B2-2D9143A1E55F}.Debug|Any CPU.Build.0 = Debug|Any CPU
		{BB972C57-3529-4674-98B2-2D9143A1E55F}.Release|Any CPU.ActiveCfg = Release|Any CPU
		{BB972C57-3529-4674-98B2-2D9143A1E55F}.Release|Any CPU.Build.0 = Release|Any CPU
		{7E45D41A-66FA-444D-A993-CF81568C9585}.Debug|Any CPU.ActiveCfg = Debug|Any CPU
		{7E45D41A-66FA-444D-A993-CF81568C9585}.Debug|Any CPU.Build.0 = Debug|Any CPU
		{7E45D41A-66FA-444D-A993-CF81568C9585}.Release|Any CPU.ActiveCfg = Release|Any CPU
		{7E45D41A-66FA-444D-A993-CF81568C9585}.Release|Any CPU.Build.0 = Release|Any CPU
		{A3406096-DE9E-4744-9D71-F0933BFAFCD3}.Debug|Any CPU.ActiveCfg = Debug|Any CPU
		{A3406096-DE9E-4744-9D71-F0933BFAFCD3}.Debug|Any CPU.Build.0 = Debug|Any CPU
		{A3406096-DE9E-4744-9D71-F0933BFAFCD3}.Release|Any CPU.ActiveCfg = Release|Any CPU
		{A3406096-DE9E-4744-9D71-F0933BFAFCD3}.Release|Any CPU.Build.0 = Release|Any CPU
		{DEEE1C3F-2411-4802-A735-B518F02CE049}.Debug|Any CPU.ActiveCfg = Debug|Any CPU
		{DEEE1C3F-2411-4802-A735-B518F02CE049}.Debug|Any CPU.Build.0 = Debug|Any CPU
		{DEEE1C3F-2411-4802-A735-B518F02CE049}.Release|Any CPU.ActiveCfg = Release|Any CPU
		{DEEE1C3F-2411-4802-A735-B518F02CE049}.Release|Any CPU.Build.0 = Release|Any CPU
	EndGlobalSection
	GlobalSection(SolutionProperties) = preSolution
		HideSolutionNode = FALSE
	EndGlobalSection
	GlobalSection(NestedProjects) = preSolution
		{7E45D41A-66FA-444D-A993-CF81568C9585} = {78A61F4C-5944-4AC3-A20E-AE5F45F187E7}
		{DEEE1C3F-2411-4802-A735-B518F02CE049} = {78A61F4C-5944-4AC3-A20E-AE5F45F187E7}
	EndGlobalSection
	GlobalSection(ExtensibilityGlobals) = postSolution
		SolutionGuid = {14C234A2-0FC1-4DAA-B386-406A75ABAAE9}
	EndGlobalSection
EndGlobal
